// !$*UTF8*$!
{
	archiveVersion = 1;
	classes = {
	};
	objectVersion = 77;
	objects = {

/* Begin PBXContainerItemProxy section */
		24DE0D9A2DAEF13A00F569D0 /* PBXContainerItemProxy */ = {
			isa = PBXContainerItemProxy;
			containerPortal = 24DE0D842DAEF13900F569D0 /* Project object */;
			proxyType = 1;
			remoteGlobalIDString = 24DE0D8B2DAEF13900F569D0;
			remoteInfo = deep_app;
		};
		24DE0DA42DAEF13A00F569D0 /* PBXContainerItemProxy */ = {
			isa = PBXContainerItemProxy;
			containerPortal = 24DE0D842DAEF13900F569D0 /* Project object */;
			proxyType = 1;
			remoteGlobalIDString = 24DE0D8B2DAEF13900F569D0;
			remoteInfo = deep_app;
		};
/* End PBXContainerItemProxy section */

/* Begin PBXFileReference section */
		24DE0D8C2DAEF13900F569D0 /* deep_app.app */ = {isa = PBXFileReference; explicitFileType = wrapper.application; includeInIndex = 0; path = deep_app.app; sourceTree = BUILT_PRODUCTS_DIR; };
		24DE0D992DAEF13A00F569D0 /* deep_appTests.xctest */ = {isa = PBXFileReference; explicitFileType = wrapper.cfbundle; includeInIndex = 0; path = deep_appTests.xctest; sourceTree = BUILT_PRODUCTS_DIR; };
		24DE0DA32DAEF13A00F569D0 /* deep_appUITests.xctest */ = {isa = PBXFileReference; explicitFileType = wrapper.cfbundle; includeInIndex = 0; path = deep_appUITests.xctest; sourceTree = BUILT_PRODUCTS_DIR; };
/* End PBXFileReference section */

/* Begin PBXFileSystemSynchronizedRootGroup section */
		24DE0D8E2DAEF13900F569D0 /* deep_app */ = {
			isa = PBXFileSystemSynchronizedRootGroup;
			path = deep_app;
			sourceTree = "<group>";
		};
		24DE0D9C2DAEF13A00F569D0 /* deep_appTests */ = {
			isa = PBXFileSystemSynchronizedRootGroup;
			path = deep_appTests;
			sourceTree = "<group>";
		};
		24DE0DA62DAEF13A00F569D0 /* deep_appUITests */ = {
			isa = PBXFileSystemSynchronizedRootGroup;
			path = deep_appUITests;
			sourceTree = "<group>";
		};
/* End PBXFileSystemSynchronizedRootGroup section */

/* Begin PBXFrameworksBuildPhase section */
		24DE0D892DAEF13900F569D0 /* Frameworks */ = {
			isa = PBXFrameworksBuildPhase;
			buildActionMask = 2147483647;
			files = (
			);
			runOnlyForDeploymentPostprocessing = 0;
		};
		24DE0D962DAEF13A00F569D0 /* Frameworks */ = {
			isa = PBXFrameworksBuildPhase;
			buildActionMask = 2147483647;
			files = (
			);
			runOnlyForDeploymentPostprocessing = 0;
		};
		24DE0DA02DAEF13A00F569D0 /* Frameworks */ = {
			isa = PBXFrameworksBuildPhase;
			buildActionMask = 2147483647;
			files = (
			);
			runOnlyForDeploymentPostprocessing = 0;
		};
/* End PBXFrameworksBuildPhase section */

/* Begin PBXGroup section */
		24DE0D832DAEF13900F569D0 = {
			isa = PBXGroup;
			children = (
				24DE0D8E2DAEF13900F569D0 /* deep_app */,
				24DE0D9C2DAEF13A00F569D0 /* deep_appTests */,
				24DE0DA62DAEF13A00F569D0 /* deep_appUITests */,
				24DE0D8D2DAEF13900F569D0 /* Products */,
			);
			sourceTree = "<group>";
		};
		24DE0D8D2DAEF13900F569D0 /* Products */ = {
			isa = PBXGroup;
			children = (
				24DE0D8C2DAEF13900F569D0 /* deep_app.app */,
				24DE0D992DAEF13A00F569D0 /* deep_appTests.xctest */,
				24DE0DA32DAEF13A00F569D0 /* deep_appUITests.xctest */,
			);
			name = Products;
			sourceTree = "<group>";
		};
/* End PBXGroup section */

/* Begin PBXNativeTarget section */
		24DE0D8B2DAEF13900F569D0 /* deep_app */ = {
			isa = PBXNativeTarget;
			buildConfigurationList = 24DE0DAD2DAEF13A00F569D0 /* Build configuration list for PBXNativeTarget "deep_app" */;
			buildPhases = (
				24DE0D882DAEF13900F569D0 /* Sources */,
				24DE0D892DAEF13900F569D0 /* Frameworks */,
				24DE0D8A2DAEF13900F569D0 /* Resources */,
			);
			buildRules = (
			);
			dependencies = (
			);
			fileSystemSynchronizedGroups = (
				24DE0D8E2DAEF13900F569D0 /* deep_app */,
			);
			name = deep_app;
			packageProductDependencies = (
			);
			productName = deep_app;
			productReference = 24DE0D8C2DAEF13900F569D0 /* deep_app.app */;
			productType = "com.apple.product-type.application";
		};
		24DE0D982DAEF13A00F569D0 /* deep_appTests */ = {
			isa = PBXNativeTarget;
			buildConfigurationList = 24DE0DB02DAEF13A00F569D0 /* Build configuration list for PBXNativeTarget "deep_appTests" */;
			buildPhases = (
				24DE0D952DAEF13A00F569D0 /* Sources */,
				24DE0D962DAEF13A00F569D0 /* Frameworks */,
				24DE0D972DAEF13A00F569D0 /* Resources */,
			);
			buildRules = (
			);
			dependencies = (
				24DE0D9B2DAEF13A00F569D0 /* PBXTargetDependency */,
			);
			fileSystemSynchronizedGroups = (
				24DE0D9C2DAEF13A00F569D0 /* deep_appTests */,
			);
			name = deep_appTests;
			packageProductDependencies = (
			);
			productName = deep_appTests;
			productReference = 24DE0D992DAEF13A00F569D0 /* deep_appTests.xctest */;
			productType = "com.apple.product-type.bundle.unit-test";
		};
		24DE0DA22DAEF13A00F569D0 /* deep_appUITests */ = {
			isa = PBXNativeTarget;
			buildConfigurationList = 24DE0DB32DAEF13A00F569D0 /* Build configuration list for PBXNativeTarget "deep_appUITests" */;
			buildPhases = (
				24DE0D9F2DAEF13A00F569D0 /* Sources */,
				24DE0DA02DAEF13A00F569D0 /* Frameworks */,
				24DE0DA12DAEF13A00F569D0 /* Resources */,
			);
			buildRules = (
			);
			dependencies = (
				24DE0DA52DAEF13A00F569D0 /* PBXTargetDependency */,
			);
			fileSystemSynchronizedGroups = (
				24DE0DA62DAEF13A00F569D0 /* deep_appUITests */,
			);
			name = deep_appUITests;
			packageProductDependencies = (
			);
			productName = deep_appUITests;
			productReference = 24DE0DA32DAEF13A00F569D0 /* deep_appUITests.xctest */;
			productType = "com.apple.product-type.bundle.ui-testing";
		};
/* End PBXNativeTarget section */

/* Begin PBXProject section */
		24DE0D842DAEF13900F569D0 /* Project object */ = {
			isa = PBXProject;
			attributes = {
				BuildIndependentTargetsInParallel = 1;
				LastSwiftUpdateCheck = 1630;
				LastUpgradeCheck = 1630;
				TargetAttributes = {
					24DE0D8B2DAEF13900F569D0 = {
						CreatedOnToolsVersion = 16.3;
					};
					24DE0D982DAEF13A00F569D0 = {
						CreatedOnToolsVersion = 16.3;
						TestTargetID = 24DE0D8B2DAEF13900F569D0;
					};
					24DE0DA22DAEF13A00F569D0 = {
						CreatedOnToolsVersion = 16.3;
						TestTargetID = 24DE0D8B2DAEF13900F569D0;
					};
				};
			};
			buildConfigurationList = 24DE0D872DAEF13900F569D0 /* Build configuration list for PBXProject "deep_app" */;
			developmentRegion = en;
			hasScannedForEncodings = 0;
			knownRegions = (
				en,
				Base,
			);
			mainGroup = 24DE0D832DAEF13900F569D0;
			minimizedProjectReferenceProxies = 1;
			preferredProjectObjectVersion = 77;
			productRefGroup = 24DE0D8D2DAEF13900F569D0 /* Products */;
			projectDirPath = "";
			projectRoot = "";
			targets = (
				24DE0D8B2DAEF13900F569D0 /* deep_app */,
				24DE0D982DAEF13A00F569D0 /* deep_appTests */,
				24DE0DA22DAEF13A00F569D0 /* deep_appUITests */,
			);
		};
/* End PBXProject section */

/* Begin PBXResourcesBuildPhase section */
		24DE0D8A2DAEF13900F569D0 /* Resources */ = {
			isa = PBXResourcesBuildPhase;
			buildActionMask = 2147483647;
			files = (
			);
			runOnlyForDeploymentPostprocessing = 0;
		};
		24DE0D972DAEF13A00F569D0 /* Resources */ = {
			isa = PBXResourcesBuildPhase;
			buildActionMask = 2147483647;
			files = (
			);
			runOnlyForDeploymentPostprocessing = 0;
		};
		24DE0DA12DAEF13A00F569D0 /* Resources */ = {
			isa = PBXResourcesBuildPhase;
			buildActionMask = 2147483647;
			files = (
			);
			runOnlyForDeploymentPostprocessing = 0;
		};
/* End PBXResourcesBuildPhase section */

/* Begin PBXSourcesBuildPhase section */
		24DE0D882DAEF13900F569D0 /* Sources */ = {
			isa = PBXSourcesBuildPhase;
			buildActionMask = 2147483647;
			files = (
			);
			runOnlyForDeploymentPostprocessing = 0;
		};
		24DE0D952DAEF13A00F569D0 /* Sources */ = {
			isa = PBXSourcesBuildPhase;
			buildActionMask = 2147483647;
			files = (
			);
			runOnlyForDeploymentPostprocessing = 0;
		};
		24DE0D9F2DAEF13A00F569D0 /* Sources */ = {
			isa = PBXSourcesBuildPhase;
			buildActionMask = 2147483647;
			files = (
			);
			runOnlyForDeploymentPostprocessing = 0;
		};
/* End PBXSourcesBuildPhase section */

/* Begin PBXTargetDependency section */
		24DE0D9B2DAEF13A00F569D0 /* PBXTargetDependency */ = {
			isa = PBXTargetDependency;
			target = 24DE0D8B2DAEF13900F569D0 /* deep_app */;
			targetProxy = 24DE0D9A2DAEF13A00F569D0 /* PBXContainerItemProxy */;
		};
		24DE0DA52DAEF13A00F569D0 /* PBXTargetDependency */ = {
			isa = PBXTargetDependency;
			target = 24DE0D8B2DAEF13900F569D0 /* deep_app */;
			targetProxy = 24DE0DA42DAEF13A00F569D0 /* PBXContainerItemProxy */;
		};
/* End PBXTargetDependency section */

/* Begin XCBuildConfiguration section */
		24DE0DAB2DAEF13A00F569D0 /* Debug */ = {
			isa = XCBuildConfiguration;
			buildSettings = {
				ALWAYS_SEARCH_USER_PATHS = NO;
				ASSETCATALOG_COMPILER_GENERATE_SWIFT_ASSET_SYMBOL_EXTENSIONS = YES;
				CLANG_ANALYZER_NONNULL = YES;
				CLANG_ANALYZER_NUMBER_OBJECT_CONVERSION = YES_AGGRESSIVE;
				CLANG_CXX_LANGUAGE_STANDARD = "gnu++20";
				CLANG_ENABLE_MODULES = YES;
				CLANG_ENABLE_OBJC_ARC = YES;
				CLANG_ENABLE_OBJC_WEAK = YES;
				CLANG_WARN_BLOCK_CAPTURE_AUTORELEASING = YES;
				CLANG_WARN_BOOL_CONVERSION = YES;
				CLANG_WARN_COMMA = YES;
				CLANG_WARN_CONSTANT_CONVERSION = YES;
				CLANG_WARN_DEPRECATED_OBJC_IMPLEMENTATIONS = YES;
				CLANG_WARN_DIRECT_OBJC_ISA_USAGE = YES_ERROR;
				CLANG_WARN_DOCUMENTATION_COMMENTS = YES;
				CLANG_WARN_EMPTY_BODY = YES;
				CLANG_WARN_ENUM_CONVERSION = YES;
				CLANG_WARN_INFINITE_RECURSION = YES;
				CLANG_WARN_INT_CONVERSION = YES;
				CLANG_WARN_NON_LITERAL_NULL_CONVERSION = YES;
				CLANG_WARN_OBJC_IMPLICIT_RETAIN_SELF = YES;
				CLANG_WARN_OBJC_LITERAL_CONVERSION = YES;
				CLANG_WARN_OBJC_ROOT_CLASS = YES_ERROR;
				CLANG_WARN_QUOTED_INCLUDE_IN_FRAMEWORK_HEADER = YES;
				CLANG_WARN_RANGE_LOOP_ANALYSIS = YES;
				CLANG_WARN_STRICT_PROTOTYPES = YES;
				CLANG_WARN_SUSPICIOUS_MOVE = YES;
				CLANG_WARN_UNGUARDED_AVAILABILITY = YES_AGGRESSIVE;
				CLANG_WARN_UNREACHABLE_CODE = YES;
				CLANG_WARN__DUPLICATE_METHOD_MATCH = YES;
				COPY_PHASE_STRIP = NO;
				DEBUG_INFORMATION_FORMAT = dwarf;
				DEVELOPMENT_TEAM = ZACD936584;
				ENABLE_STRICT_OBJC_MSGSEND = YES;
				ENABLE_TESTABILITY = YES;
				ENABLE_USER_SCRIPT_SANDBOXING = YES;
				GCC_C_LANGUAGE_STANDARD = gnu17;
				GCC_DYNAMIC_NO_PIC = NO;
				GCC_NO_COMMON_BLOCKS = YES;
				GCC_OPTIMIZATION_LEVEL = 0;
				GCC_PREPROCESSOR_DEFINITIONS = (
					"DEBUG=1",
					"$(inherited)",
				);
				GCC_WARN_64_TO_32_BIT_CONVERSION = YES;
				GCC_WARN_ABOUT_RETURN_TYPE = YES_ERROR;
				GCC_WARN_UNDECLARED_SELECTOR = YES;
				GCC_WARN_UNINITIALIZED_AUTOS = YES_AGGRESSIVE;
				GCC_WARN_UNUSED_FUNCTION = YES;
				GCC_WARN_UNUSED_VARIABLE = YES;
				IPHONEOS_DEPLOYMENT_TARGET = 18.4;
				LOCALIZATION_PREFERS_STRING_CATALOGS = YES;
				MTL_ENABLE_DEBUG_INFO = INCLUDE_SOURCE;
				MTL_FAST_MATH = YES;
				ONLY_ACTIVE_ARCH = YES;
				SDKROOT = iphoneos;
				SWIFT_ACTIVE_COMPILATION_CONDITIONS = "DEBUG $(inherited)";
				SWIFT_OPTIMIZATION_LEVEL = "-Onone";
			};
			name = Debug;
		};
		24DE0DAC2DAEF13A00F569D0 /* Release */ = {
			isa = XCBuildConfiguration;
			buildSettings = {
				ALWAYS_SEARCH_USER_PATHS = NO;
				ASSETCATALOG_COMPILER_GENERATE_SWIFT_ASSET_SYMBOL_EXTENSIONS = YES;
				CLANG_ANALYZER_NONNULL = YES;
				CLANG_ANALYZER_NUMBER_OBJECT_CONVERSION = YES_AGGRESSIVE;
				CLANG_CXX_LANGUAGE_STANDARD = "gnu++20";
				CLANG_ENABLE_MODULES = YES;
				CLANG_ENABLE_OBJC_ARC = YES;
				CLANG_ENABLE_OBJC_WEAK = YES;
				CLANG_WARN_BLOCK_CAPTURE_AUTORELEASING = YES;
				CLANG_WARN_BOOL_CONVERSION = YES;
				CLANG_WARN_COMMA = YES;
				CLANG_WARN_CONSTANT_CONVERSION = YES;
				CLANG_WARN_DEPRECATED_OBJC_IMPLEMENTATIONS = YES;
				CLANG_WARN_DIRECT_OBJC_ISA_USAGE = YES_ERROR;
				CLANG_WARN_DOCUMENTATION_COMMENTS = YES;
				CLANG_WARN_EMPTY_BODY = YES;
				CLANG_WARN_ENUM_CONVERSION = YES;
				CLANG_WARN_INFINITE_RECURSION = YES;
				CLANG_WARN_INT_CONVERSION = YES;
				CLANG_WARN_NON_LITERAL_NULL_CONVERSION = YES;
				CLANG_WARN_OBJC_IMPLICIT_RETAIN_SELF = YES;
				CLANG_WARN_OBJC_LITERAL_CONVERSION = YES;
				CLANG_WARN_OBJC_ROOT_CLASS = YES_ERROR;
				CLANG_WARN_QUOTED_INCLUDE_IN_FRAMEWORK_HEADER = YES;
				CLANG_WARN_RANGE_LOOP_ANALYSIS = YES;
				CLANG_WARN_STRICT_PROTOTYPES = YES;
				CLANG_WARN_SUSPICIOUS_MOVE = YES;
				CLANG_WARN_UNGUARDED_AVAILABILITY = YES_AGGRESSIVE;
				CLANG_WARN_UNREACHABLE_CODE = YES;
				CLANG_WARN__DUPLICATE_METHOD_MATCH = YES;
				COPY_PHASE_STRIP = NO;
				DEBUG_INFORMATION_FORMAT = "dwarf-with-dsym";
				DEVELOPMENT_TEAM = ZACD936584;
				ENABLE_NS_ASSERTIONS = NO;
				ENABLE_STRICT_OBJC_MSGSEND = YES;
				ENABLE_USER_SCRIPT_SANDBOXING = YES;
				GCC_C_LANGUAGE_STANDARD = gnu17;
				GCC_NO_COMMON_BLOCKS = YES;
				GCC_WARN_64_TO_32_BIT_CONVERSION = YES;
				GCC_WARN_ABOUT_RETURN_TYPE = YES_ERROR;
				GCC_WARN_UNDECLARED_SELECTOR = YES;
				GCC_WARN_UNINITIALIZED_AUTOS = YES_AGGRESSIVE;
				GCC_WARN_UNUSED_FUNCTION = YES;
				GCC_WARN_UNUSED_VARIABLE = YES;
				IPHONEOS_DEPLOYMENT_TARGET = 18.4;
				LOCALIZATION_PREFERS_STRING_CATALOGS = YES;
				MTL_ENABLE_DEBUG_INFO = NO;
				MTL_FAST_MATH = YES;
				SDKROOT = iphoneos;
				SWIFT_COMPILATION_MODE = wholemodule;
				VALIDATE_PRODUCT = YES;
			};
			name = Release;
		};
		24DE0DAE2DAEF13A00F569D0 /* Debug */ = {
			isa = XCBuildConfiguration;
			buildSettings = {
				ASSETCATALOG_COMPILER_APPICON_NAME = AppIcon;
				ASSETCATALOG_COMPILER_GLOBAL_ACCENT_COLOR_NAME = AccentColor;
				CODE_SIGN_STYLE = Automatic;
				CURRENT_PROJECT_VERSION = 1;
				DEVELOPMENT_TEAM = ZACD936584;
				ENABLE_PREVIEWS = YES;
				GENERATE_INFOPLIST_FILE = YES;
				INFOPLIST_KEY_UIApplicationSceneManifest_Generation = YES;
				INFOPLIST_KEY_UIApplicationSupportsIndirectInputEvents = YES;
				INFOPLIST_KEY_UILaunchScreen_Generation = YES;
				INFOPLIST_KEY_UISupportedInterfaceOrientations_iPad = "UIInterfaceOrientationPortrait UIInterfaceOrientationPortraitUpsideDown UIInterfaceOrientationLandscapeLeft UIInterfaceOrientationLandscapeRight";
				INFOPLIST_KEY_UISupportedInterfaceOrientations_iPhone = "UIInterfaceOrientationPortrait UIInterfaceOrientationLandscapeLeft UIInterfaceOrientationLandscapeRight";
				LD_RUNPATH_SEARCH_PATHS = (
					"$(inherited)",
					"@executable_path/Frameworks",
				);
				MARKETING_VERSION = 1.0;
				PRODUCT_BUNDLE_IDENTIFIER = "bacton.deep-app";
				PRODUCT_NAME = "$(TARGET_NAME)";
				SWIFT_EMIT_LOC_STRINGS = YES;
				SWIFT_VERSION = 5.0;
				TARGETED_DEVICE_FAMILY = "1,2";
			};
			name = Debug;
		};
		24DE0DAF2DAEF13A00F569D0 /* Release */ = {
			isa = XCBuildConfiguration;
			buildSettings = {
				ASSETCATALOG_COMPILER_APPICON_NAME = AppIcon;
				ASSETCATALOG_COMPILER_GLOBAL_ACCENT_COLOR_NAME = AccentColor;
				CODE_SIGN_STYLE = Automatic;
				CURRENT_PROJECT_VERSION = 1;
				DEVELOPMENT_TEAM = ZACD936584;
				ENABLE_PREVIEWS = YES;
				GENERATE_INFOPLIST_FILE = YES;
				INFOPLIST_KEY_UIApplicationSceneManifest_Generation = YES;
				INFOPLIST_KEY_UIApplicationSupportsIndirectInputEvents = YES;
				INFOPLIST_KEY_UILaunchScreen_Generation = YES;
				INFOPLIST_KEY_UISupportedInterfaceOrientations_iPad = "UIInterfaceOrientationPortrait UIInterfaceOrientationPortraitUpsideDown UIInterfaceOrientationLandscapeLeft UIInterfaceOrientationLandscapeRight";
				INFOPLIST_KEY_UISupportedInterfaceOrientations_iPhone = "UIInterfaceOrientationPortrait UIInterfaceOrientationLandscapeLeft UIInterfaceOrientationLandscapeRight";
				LD_RUNPATH_SEARCH_PATHS = (
					"$(inherited)",
					"@executable_path/Frameworks",
				);
				MARKETING_VERSION = 1.0;
				PRODUCT_BUNDLE_IDENTIFIER = "bacton.deep-app";
				PRODUCT_NAME = "$(TARGET_NAME)";
				SWIFT_EMIT_LOC_STRINGS = YES;
				SWIFT_VERSION = 5.0;
				TARGETED_DEVICE_FAMILY = "1,2";
			};
			name = Release;
		};
		24DE0DB12DAEF13A00F569D0 /* Debug */ = {
			isa = XCBuildConfiguration;
			buildSettings = {
				BUNDLE_LOADER = "$(TEST_HOST)";
				CODE_SIGN_STYLE = Automatic;
				CURRENT_PROJECT_VERSION = 1;
				DEVELOPMENT_TEAM = ZACD936584;
				GENERATE_INFOPLIST_FILE = YES;
				IPHONEOS_DEPLOYMENT_TARGET = 18.4;
				MARKETING_VERSION = 1.0;
				PRODUCT_BUNDLE_IDENTIFIER = "bacton.deep-appTests";
				PRODUCT_NAME = "$(TARGET_NAME)";
				SWIFT_EMIT_LOC_STRINGS = NO;
				SWIFT_VERSION = 5.0;
				TARGETED_DEVICE_FAMILY = "1,2";
				TEST_HOST = "$(BUILT_PRODUCTS_DIR)/deep_app.app/$(BUNDLE_EXECUTABLE_FOLDER_PATH)/deep_app";
			};
			name = Debug;
		};
		24DE0DB22DAEF13A00F569D0 /* Release */ = {
			isa = XCBuildConfiguration;
			buildSettings = {
				BUNDLE_LOADER = "$(TEST_HOST)";
				CODE_SIGN_STYLE = Automatic;
				CURRENT_PROJECT_VERSION = 1;
				DEVELOPMENT_TEAM = ZACD936584;
				GENERATE_INFOPLIST_FILE = YES;
				IPHONEOS_DEPLOYMENT_TARGET = 18.4;
				MARKETING_VERSION = 1.0;
				PRODUCT_BUNDLE_IDENTIFIER = "bacton.deep-appTests";
				PRODUCT_NAME = "$(TARGET_NAME)";
				SWIFT_EMIT_LOC_STRINGS = NO;
				SWIFT_VERSION = 5.0;
				TARGETED_DEVICE_FAMILY = "1,2";
				TEST_HOST = "$(BUILT_PRODUCTS_DIR)/deep_app.app/$(BUNDLE_EXECUTABLE_FOLDER_PATH)/deep_app";
			};
			name = Release;
		};
		24DE0DB42DAEF13A00F569D0 /* Debug */ = {
			isa = XCBuildConfiguration;
			buildSettings = {
				CODE_SIGN_STYLE = Automatic;
				CURRENT_PROJECT_VERSION = 1;
				DEVELOPMENT_TEAM = ZACD936584;
				GENERATE_INFOPLIST_FILE = YES;
				MARKETING_VERSION = 1.0;
				PRODUCT_BUNDLE_IDENTIFIER = "bacton.deep-appUITests";
				PRODUCT_NAME = "$(TARGET_NAME)";
				SWIFT_EMIT_LOC_STRINGS = NO;
				SWIFT_VERSION = 5.0;
				TARGETED_DEVICE_FAMILY = "1,2";
				TEST_TARGET_NAME = deep_app;
			};
			name = Debug;
		};
		24DE0DB52DAEF13A00F569D0 /* Release */ = {
			isa = XCBuildConfiguration;
			buildSettings = {
				CODE_SIGN_STYLE = Automatic;
				CURRENT_PROJECT_VERSION = 1;
				DEVELOPMENT_TEAM = ZACD936584;
				GENERATE_INFOPLIST_FILE = YES;
				MARKETING_VERSION = 1.0;
				PRODUCT_BUNDLE_IDENTIFIER = "bacton.deep-appUITests";
				PRODUCT_NAME = "$(TARGET_NAME)";
				SWIFT_EMIT_LOC_STRINGS = NO;
				SWIFT_VERSION = 5.0;
				TARGETED_DEVICE_FAMILY = "1,2";
				TEST_TARGET_NAME = deep_app;
			};
			name = Release;
		};
/* End XCBuildConfiguration section */

/* Begin XCConfigurationList section */
		24DE0D872DAEF13900F569D0 /* Build configuration list for PBXProject "deep_app" */ = {
			isa = XCConfigurationList;
			buildConfigurations = (
				24DE0DAB2DAEF13A00F569D0 /* Debug */,
				24DE0DAC2DAEF13A00F569D0 /* Release */,
			);
			defaultConfigurationIsVisible = 0;
			defaultConfigurationName = Release;
		};
		24DE0DAD2DAEF13A00F569D0 /* Build configuration list for PBXNativeTarget "deep_app" */ = {
			isa = XCConfigurationList;
			buildConfigurations = (
				24DE0DAE2DAEF13A00F569D0 /* Debug */,
				24DE0DAF2DAEF13A00F569D0 /* Release */,
			);
			defaultConfigurationIsVisible = 0;
			defaultConfigurationName = Release;
		};
		24DE0DB02DAEF13A00F569D0 /* Build configuration list for PBXNativeTarget "deep_appTests" */ = {
			isa = XCConfigurationList;
			buildConfigurations = (
				24DE0DB12DAEF13A00F569D0 /* Debug */,
				24DE0DB22DAEF13A00F569D0 /* Release */,
			);
			defaultConfigurationIsVisible = 0;
			defaultConfigurationName = Release;
		};
		24DE0DB32DAEF13A00F569D0 /* Build configuration list for PBXNativeTarget "deep_appUITests" */ = {
			isa = XCConfigurationList;
			buildConfigurations = (
				24DE0DB42DAEF13A00F569D0 /* Debug */,
				24DE0DB52DAEF13A00F569D0 /* Release */,
			);
			defaultConfigurationIsVisible = 0;
			defaultConfigurationName = Release;
		};
/* End XCConfigurationList section */
	};
	rootObject = 24DE0D842DAEF13900F569D0 /* Project object */;
}
